
Microsoft Visual Studio Solution File, Format Version 12.00
# Visual Studio Version 16
VisualStudioVersion = 16.0.31025.194
MinimumVisualStudioVersion = 10.0.40219.1
Project("{FAE04EC0-301F-11D3-BF4B-00C04F79EFBC}") = "FinalProject", "FinalProject.csproj", "{ED8F0F43-41FF-49D1-9A33-C74A31FE654A}"
EndProject
Global
	GlobalSection(SolutionConfigurationPlatforms) = preSolution
		Debug|Any CPU = Debug|Any CPU
		Release|Any CPU = Release|Any CPU
	EndGlobalSection
	GlobalSection(ProjectConfigurationPlatforms) = postSolution
		{ED8F0F43-41FF-49D1-9A33-C74A31FE654A}.Debug|Any CPU.ActiveCfg = Debug|Any CPU
		{ED8F0F43-41FF-49D1-9A33-C74A31FE654A}.Debug|Any CPU.Build.0 = Debug|Any CPU
		{ED8F0F43-41FF-49D1-9A33-C74A31FE654A}.Release|Any CPU.ActiveCfg = Release|Any CPU
		{ED8F0F43-41FF-49D1-9A33-C74A31FE654A}.Release|Any CPU.Build.0 = Release|Any CPU
	EndGlobalSection
	GlobalSection(SolutionProperties) = preSolution
		HideSolutionNode = FALSE
	EndGlobalSection
	GlobalSection(ExtensibilityGlobals) = postSolution
		SolutionGuid = {D62FED1D-EC4C-4753-88BB-A36FC8C1899E}
	EndGlobalSection
EndGlobal
